
Microsoft Visual Studio Solution File, Format Version 12.00
# Visual Studio Version 16
VisualStudioVersion = 16.0.28315.86
MinimumVisualStudioVersion = 10.0.40219.1
Project("{FAE04EC0-301F-11D3-BF4B-00C04F79EFBC}") = "BottersOfTheGalaxy", "BottersOfTheGalaxy\BottersOfTheGalaxy.csproj", "{7D92FD0E-C79E-4BE9-82D4-7BB94956D835}"
EndProject
Project("{FAE04EC0-301F-11D3-BF4B-00C04F79EFBC}") = "Code4Life", "Code4Life\Code4Life.csproj", "{D195F6FC-394F-4BF2-9690-78D769B4CB79}"
EndProject
Project("{FAE04EC0-301F-11D3-BF4B-00C04F79EFBC}") = "CodersStrikeBack", "CodersStrikeBack\CodersStrikeBack.csproj", "{8D2BD92E-90BC-4CD7-88C0-AC19938D57D1}"
EndProject
Project("{FAE04EC0-301F-11D3-BF4B-00C04F79EFBC}") = "BottersOfTheGalaxy.Test", "BottersOfTheGalaxy.Test\BottersOfTheGalaxy.Test.csproj", "{B96BCE9F-A474-448B-B8FE-31B96A5F4A43}"
EndProject
Project("{FAE04EC0-301F-11D3-BF4B-00C04F79EFBC}") = "CodeRoyale", "CodeRoyale\CodeRoyale.csproj", "{93D22684-0118-4DB5-A82B-DB2D4F409877}"
EndProject
Project("{FAE04EC0-301F-11D3-BF4B-00C04F79EFBC}") = "CodeRoyale.Test", "CodeRoyale.Test\CodeRoyale.Test.csproj", "{DE27740F-4B21-49F8-AD80-915E7E36EB36}"
EndProject
Project("{FAE04EC0-301F-11D3-BF4B-00C04F79EFBC}") = "XmasRush", "XmasRush\XmasRush.csproj", "{292DE8FF-A644-433E-8A85-EB2E4D281E4E}"
EndProject
Project("{FAE04EC0-301F-11D3-BF4B-00C04F79EFBC}") = "XmasRush.Test", "XmasRush.Test\XmasRush.Test.csproj", "{C8A6DC9C-D578-407D-88D9-8734FC7BDE5F}"
EndProject
Project("{FAE04EC0-301F-11D3-BF4B-00C04F79EFBC}") = "CodeALaMode", "CodeALaMode\CodeALaMode.csproj", "{AA8484CE-177F-46A9-9E68-FCB715975636}"
EndProject
Project("{FAE04EC0-301F-11D3-BF4B-00C04F79EFBC}") = "Helper", "Helper\Helper.csproj", "{D01CF331-F449-4844-A08A-2A1837BB29DD}"
EndProject
Project("{FAE04EC0-301F-11D3-BF4B-00C04F79EFBC}") = "CodeALaMode.Test", "CodeALaMode.Test\CodeALaMode.Test.csproj", "{C24C59EF-D1EA-44E3-9FA1-F59BAE802872}"
EndProject
Project("{FAE04EC0-301F-11D3-BF4B-00C04F79EFBC}") = "UnleashTheGeek", "UnleashTheGeek\UnleashTheGeek.csproj", "{2981BBE7-094E-4F07-B2CC-73F7E8F96826}"
EndProject
Project("{FAE04EC0-301F-11D3-BF4B-00C04F79EFBC}") = "LeLabyrinthe", "LeLabyrinthe\LeLabyrinthe.csproj", "{CDBC124D-04B7-404C-B3D1-ACAB53A211B4}"
EndProject
Project("{FAE04EC0-301F-11D3-BF4B-00C04F79EFBC}") = "FallChallenge2020", "FallChallenge2020\FallChallenge2020.csproj", "{40EBCA49-F54A-49A1-AF45-E717EE0EFF1D}"
EndProject
Global
	GlobalSection(SolutionConfigurationPlatforms) = preSolution
		Debug|Any CPU = Debug|Any CPU
		Release|Any CPU = Release|Any CPU
	EndGlobalSection
	GlobalSection(ProjectConfigurationPlatforms) = postSolution
		{7D92FD0E-C79E-4BE9-82D4-7BB94956D835}.Debug|Any CPU.ActiveCfg = Debug|Any CPU
		{7D92FD0E-C79E-4BE9-82D4-7BB94956D835}.Debug|Any CPU.Build.0 = Debug|Any CPU
		{7D92FD0E-C79E-4BE9-82D4-7BB94956D835}.Release|Any CPU.ActiveCfg = Release|Any CPU
		{7D92FD0E-C79E-4BE9-82D4-7BB94956D835}.Release|Any CPU.Build.0 = Release|Any CPU
		{D195F6FC-394F-4BF2-9690-78D769B4CB79}.Debug|Any CPU.ActiveCfg = Debug|Any CPU
		{D195F6FC-394F-4BF2-9690-78D769B4CB79}.Debug|Any CPU.Build.0 = Debug|Any CPU
		{D195F6FC-394F-4BF2-9690-78D769B4CB79}.Release|Any CPU.ActiveCfg = Release|Any CPU
		{D195F6FC-394F-4BF2-9690-78D769B4CB79}.Release|Any CPU.Build.0 = Release|Any CPU
		{8D2BD92E-90BC-4CD7-88C0-AC19938D57D1}.Debug|Any CPU.ActiveCfg = Debug|Any CPU
		{8D2BD92E-90BC-4CD7-88C0-AC19938D57D1}.Debug|Any CPU.Build.0 = Debug|Any CPU
		{8D2BD92E-90BC-4CD7-88C0-AC19938D57D1}.Release|Any CPU.ActiveCfg = Release|Any CPU
		{8D2BD92E-90BC-4CD7-88C0-AC19938D57D1}.Release|Any CPU.Build.0 = Release|Any CPU
		{B96BCE9F-A474-448B-B8FE-31B96A5F4A43}.Debug|Any CPU.ActiveCfg = Debug|Any CPU
		{B96BCE9F-A474-448B-B8FE-31B96A5F4A43}.Debug|Any CPU.Build.0 = Debug|Any CPU
		{B96BCE9F-A474-448B-B8FE-31B96A5F4A43}.Release|Any CPU.ActiveCfg = Release|Any CPU
		{B96BCE9F-A474-448B-B8FE-31B96A5F4A43}.Release|Any CPU.Build.0 = Release|Any CPU
		{93D22684-0118-4DB5-A82B-DB2D4F409877}.Debug|Any CPU.ActiveCfg = Debug|Any CPU
		{93D22684-0118-4DB5-A82B-DB2D4F409877}.Debug|Any CPU.Build.0 = Debug|Any CPU
		{93D22684-0118-4DB5-A82B-DB2D4F409877}.Release|Any CPU.ActiveCfg = Release|Any CPU
		{93D22684-0118-4DB5-A82B-DB2D4F409877}.Release|Any CPU.Build.0 = Release|Any CPU
		{DE27740F-4B21-49F8-AD80-915E7E36EB36}.Debug|Any CPU.ActiveCfg = Debug|Any CPU
		{DE27740F-4B21-49F8-AD80-915E7E36EB36}.Debug|Any CPU.Build.0 = Debug|Any CPU
		{DE27740F-4B21-49F8-AD80-915E7E36EB36}.Release|Any CPU.ActiveCfg = Release|Any CPU
		{DE27740F-4B21-49F8-AD80-915E7E36EB36}.Release|Any CPU.Build.0 = Release|Any CPU
		{292DE8FF-A644-433E-8A85-EB2E4D281E4E}.Debug|Any CPU.ActiveCfg = Debug|Any CPU
		{292DE8FF-A644-433E-8A85-EB2E4D281E4E}.Debug|Any CPU.Build.0 = Debug|Any CPU
		{292DE8FF-A644-433E-8A85-EB2E4D281E4E}.Release|Any CPU.ActiveCfg = Release|Any CPU
		{292DE8FF-A644-433E-8A85-EB2E4D281E4E}.Release|Any CPU.Build.0 = Release|Any CPU
		{C8A6DC9C-D578-407D-88D9-8734FC7BDE5F}.Debug|Any CPU.ActiveCfg = Debug|Any CPU
		{C8A6DC9C-D578-407D-88D9-8734FC7BDE5F}.Debug|Any CPU.Build.0 = Debug|Any CPU
		{C8A6DC9C-D578-407D-88D9-8734FC7BDE5F}.Release|Any CPU.ActiveCfg = Release|Any CPU
		{C8A6DC9C-D578-407D-88D9-8734FC7BDE5F}.Release|Any CPU.Build.0 = Release|Any CPU
		{AA8484CE-177F-46A9-9E68-FCB715975636}.Debug|Any CPU.ActiveCfg = Debug|Any CPU
		{AA8484CE-177F-46A9-9E68-FCB715975636}.Debug|Any CPU.Build.0 = Debug|Any CPU
		{AA8484CE-177F-46A9-9E68-FCB715975636}.Release|Any CPU.ActiveCfg = Release|Any CPU
		{AA8484CE-177F-46A9-9E68-FCB715975636}.Release|Any CPU.Build.0 = Release|Any CPU
		{D01CF331-F449-4844-A08A-2A1837BB29DD}.Debug|Any CPU.ActiveCfg = Debug|Any CPU
		{D01CF331-F449-4844-A08A-2A1837BB29DD}.Debug|Any CPU.Build.0 = Debug|Any CPU
		{D01CF331-F449-4844-A08A-2A1837BB29DD}.Release|Any CPU.ActiveCfg = Release|Any CPU
		{D01CF331-F449-4844-A08A-2A1837BB29DD}.Release|Any CPU.Build.0 = Release|Any CPU
		{C24C59EF-D1EA-44E3-9FA1-F59BAE802872}.Debug|Any CPU.ActiveCfg = Debug|Any CPU
		{C24C59EF-D1EA-44E3-9FA1-F59BAE802872}.Debug|Any CPU.Build.0 = Debug|Any CPU
		{C24C59EF-D1EA-44E3-9FA1-F59BAE802872}.Release|Any CPU.ActiveCfg = Release|Any CPU
		{C24C59EF-D1EA-44E3-9FA1-F59BAE802872}.Release|Any CPU.Build.0 = Release|Any CPU
		{2981BBE7-094E-4F07-B2CC-73F7E8F96826}.Debug|Any CPU.ActiveCfg = Debug|Any CPU
		{2981BBE7-094E-4F07-B2CC-73F7E8F96826}.Debug|Any CPU.Build.0 = Debug|Any CPU
		{2981BBE7-094E-4F07-B2CC-73F7E8F96826}.Release|Any CPU.ActiveCfg = Release|Any CPU
		{2981BBE7-094E-4F07-B2CC-73F7E8F96826}.Release|Any CPU.Build.0 = Release|Any CPU
		{CDBC124D-04B7-404C-B3D1-ACAB53A211B4}.Debug|Any CPU.ActiveCfg = Debug|Any CPU
		{CDBC124D-04B7-404C-B3D1-ACAB53A211B4}.Debug|Any CPU.Build.0 = Debug|Any CPU
		{CDBC124D-04B7-404C-B3D1-ACAB53A211B4}.Release|Any CPU.ActiveCfg = Release|Any CPU
		{CDBC124D-04B7-404C-B3D1-ACAB53A211B4}.Release|Any CPU.Build.0 = Release|Any CPU
		{40EBCA49-F54A-49A1-AF45-E717EE0EFF1D}.Debug|Any CPU.ActiveCfg = Debug|Any CPU
		{40EBCA49-F54A-49A1-AF45-E717EE0EFF1D}.Debug|Any CPU.Build.0 = Debug|Any CPU
		{40EBCA49-F54A-49A1-AF45-E717EE0EFF1D}.Release|Any CPU.ActiveCfg = Release|Any CPU
		{40EBCA49-F54A-49A1-AF45-E717EE0EFF1D}.Release|Any CPU.Build.0 = Release|Any CPU
	EndGlobalSection
	GlobalSection(SolutionProperties) = preSolution
		HideSolutionNode = FALSE
	EndGlobalSection
	GlobalSection(ExtensibilityGlobals) = postSolution
		SolutionGuid = {FCB22552-A83A-4FC2-9AA8-0F661C6692AC}
	EndGlobalSection
EndGlobal
